// !$*UTF8*$!
{
	archiveVersion = 1;
	classes = {
	};
	objectVersion = 46;
	objects = {

/* Begin PBXBuildFile section */
		31B68B0F1DCE9C1200FE8B6A /* AppDelegate.swift in Sources */ = {isa = PBXBuildFile; fileRef = 31B68B0E1DCE9C1200FE8B6A /* AppDelegate.swift */; };
		31B68B111DCE9C1200FE8B6A /* ViewController.swift in Sources */ = {isa = PBXBuildFile; fileRef = 31B68B101DCE9C1200FE8B6A /* ViewController.swift */; };
		31B68B141DCE9C1200FE8B6A /* Main.storyboard in Resources */ = {isa = PBXBuildFile; fileRef = 31B68B121DCE9C1200FE8B6A /* Main.storyboard */; };
		31B68B161DCE9C1200FE8B6A /* Assets.xcassets in Resources */ = {isa = PBXBuildFile; fileRef = 31B68B151DCE9C1200FE8B6A /* Assets.xcassets */; };
		31B68B191DCE9C1200FE8B6A /* LaunchScreen.storyboard in Resources */ = {isa = PBXBuildFile; fileRef = 31B68B171DCE9C1200FE8B6A /* LaunchScreen.storyboard */; };
		31B68B241DCE9C1200FE8B6A /* ProcedureKitDemoTests.swift in Sources */ = {isa = PBXBuildFile; fileRef = 31B68B231DCE9C1200FE8B6A /* ProcedureKitDemoTests.swift */; };
		31CB89041DCEC5A2008ED0FA /* KittenExistenceCondition.swift in Sources */ = {isa = PBXBuildFile; fileRef = 31CB89031DCEC5A2008ED0FA /* KittenExistenceCondition.swift */; };
		31F7D08B1DCE9F6300B94482 /* BigKitten.jpeg in Resources */ = {isa = PBXBuildFile; fileRef = 31F7D08A1DCE9F6300B94482 /* BigKitten.jpeg */; };
		31F7D08E1DCEA45700B94482 /* KittenResizingProcedure.swift in Sources */ = {isa = PBXBuildFile; fileRef = 31F7D08D1DCEA45700B94482 /* KittenResizingProcedure.swift */; };
		8A1130609FC8BEE5A43EACB4 /* Pods_ProcedureKitDemo.framework in Frameworks */ = {isa = PBXBuildFile; fileRef = 531807FD300AB5C6A9189D46 /* Pods_ProcedureKitDemo.framework */; };
		CC61781F173135F4C9D148CE /* Pods_ProcedureKitDemoTests.framework in Frameworks */ = {isa = PBXBuildFile; fileRef = 94ACD946A669A0260BD24B61 /* Pods_ProcedureKitDemoTests.framework */; };
/* End PBXBuildFile section */

/* Begin PBXContainerItemProxy section */
		31B68B201DCE9C1200FE8B6A /* PBXContainerItemProxy */ = {
			isa = PBXContainerItemProxy;
			containerPortal = 31B68B031DCE9C1200FE8B6A /* Project object */;
			proxyType = 1;
			remoteGlobalIDString = 31B68B0A1DCE9C1200FE8B6A;
			remoteInfo = ProcedureKitDemo;
		};
/* End PBXContainerItemProxy section */

/* Begin PBXFileReference section */
		08FEDB1FD90071BBF158049B /* Pods-ProcedureKitDemoTests.debug.xcconfig */ = {isa = PBXFileReference; includeInIndex = 1; lastKnownFileType = text.xcconfig; name = "Pods-ProcedureKitDemoTests.debug.xcconfig"; path = "Pods/Target Support Files/Pods-ProcedureKitDemoTests/Pods-ProcedureKitDemoTests.debug.xcconfig"; sourceTree = "<group>"; };
		31B68B0B1DCE9C1200FE8B6A /* ProcedureKitDemo.app */ = {isa = PBXFileReference; explicitFileType = wrapper.application; includeInIndex = 0; path = ProcedureKitDemo.app; sourceTree = BUILT_PRODUCTS_DIR; };
		31B68B0E1DCE9C1200FE8B6A /* AppDelegate.swift */ = {isa = PBXFileReference; lastKnownFileType = sourcecode.swift; path = AppDelegate.swift; sourceTree = "<group>"; };
		31B68B101DCE9C1200FE8B6A /* ViewController.swift */ = {isa = PBXFileReference; lastKnownFileType = sourcecode.swift; path = ViewController.swift; sourceTree = "<group>"; };
		31B68B131DCE9C1200FE8B6A /* Base */ = {isa = PBXFileReference; lastKnownFileType = file.storyboard; name = Base; path = Base.lproj/Main.storyboard; sourceTree = "<group>"; };
		31B68B151DCE9C1200FE8B6A /* Assets.xcassets */ = {isa = PBXFileReference; lastKnownFileType = folder.assetcatalog; path = Assets.xcassets; sourceTree = "<group>"; };
		31B68B181DCE9C1200FE8B6A /* Base */ = {isa = PBXFileReference; lastKnownFileType = file.storyboard; name = Base; path = Base.lproj/LaunchScreen.storyboard; sourceTree = "<group>"; };
		31B68B1A1DCE9C1200FE8B6A /* Info.plist */ = {isa = PBXFileReference; lastKnownFileType = text.plist.xml; path = Info.plist; sourceTree = "<group>"; };
		31B68B1F1DCE9C1200FE8B6A /* ProcedureKitDemoTests.xctest */ = {isa = PBXFileReference; explicitFileType = wrapper.cfbundle; includeInIndex = 0; path = ProcedureKitDemoTests.xctest; sourceTree = BUILT_PRODUCTS_DIR; };
		31B68B231DCE9C1200FE8B6A /* ProcedureKitDemoTests.swift */ = {isa = PBXFileReference; lastKnownFileType = sourcecode.swift; path = ProcedureKitDemoTests.swift; sourceTree = "<group>"; };
		31B68B251DCE9C1200FE8B6A /* Info.plist */ = {isa = PBXFileReference; lastKnownFileType = text.plist.xml; path = Info.plist; sourceTree = "<group>"; };
		31CB89031DCEC5A2008ED0FA /* KittenExistenceCondition.swift */ = {isa = PBXFileReference; fileEncoding = 4; lastKnownFileType = sourcecode.swift; path = KittenExistenceCondition.swift; sourceTree = "<group>"; };
		31F7D08A1DCE9F6300B94482 /* BigKitten.jpeg */ = {isa = PBXFileReference; lastKnownFileType = image.jpeg; path = BigKitten.jpeg; sourceTree = "<group>"; };
		31F7D08D1DCEA45700B94482 /* KittenResizingProcedure.swift */ = {isa = PBXFileReference; fileEncoding = 4; lastKnownFileType = sourcecode.swift; path = KittenResizingProcedure.swift; sourceTree = "<group>"; };
		531807FD300AB5C6A9189D46 /* Pods_ProcedureKitDemo.framework */ = {isa = PBXFileReference; explicitFileType = wrapper.framework; includeInIndex = 0; path = Pods_ProcedureKitDemo.framework; sourceTree = BUILT_PRODUCTS_DIR; };
		59DDDB86E36CF434CAEEA339 /* Pods-ProcedureKitDemoTests.release.xcconfig */ = {isa = PBXFileReference; includeInIndex = 1; lastKnownFileType = text.xcconfig; name = "Pods-ProcedureKitDemoTests.release.xcconfig"; path = "Pods/Target Support Files/Pods-ProcedureKitDemoTests/Pods-ProcedureKitDemoTests.release.xcconfig"; sourceTree = "<group>"; };
		66DAA455BB68910B72EE5E3C /* Pods-ProcedureKitDemo.release.xcconfig */ = {isa = PBXFileReference; includeInIndex = 1; lastKnownFileType = text.xcconfig; name = "Pods-ProcedureKitDemo.release.xcconfig"; path = "Pods/Target Support Files/Pods-ProcedureKitDemo/Pods-ProcedureKitDemo.release.xcconfig"; sourceTree = "<group>"; };
		94ACD946A669A0260BD24B61 /* Pods_ProcedureKitDemoTests.framework */ = {isa = PBXFileReference; explicitFileType = wrapper.framework; includeInIndex = 0; path = Pods_ProcedureKitDemoTests.framework; sourceTree = BUILT_PRODUCTS_DIR; };
		9719277D059C4F9B1E9068BA /* Pods-ProcedureKitDemo.debug.xcconfig */ = {isa = PBXFileReference; includeInIndex = 1; lastKnownFileType = text.xcconfig; name = "Pods-ProcedureKitDemo.debug.xcconfig"; path = "Pods/Target Support Files/Pods-ProcedureKitDemo/Pods-ProcedureKitDemo.debug.xcconfig"; sourceTree = "<group>"; };
/* End PBXFileReference section */

/* Begin PBXFrameworksBuildPhase section */
		31B68B081DCE9C1200FE8B6A /* Frameworks */ = {
			isa = PBXFrameworksBuildPhase;
			buildActionMask = 2147483647;
			files = (
				8A1130609FC8BEE5A43EACB4 /* Pods_ProcedureKitDemo.framework in Frameworks */,
			);
			runOnlyForDeploymentPostprocessing = 0;
		};
		31B68B1C1DCE9C1200FE8B6A /* Frameworks */ = {
			isa = PBXFrameworksBuildPhase;
			buildActionMask = 2147483647;
			files = (
				CC61781F173135F4C9D148CE /* Pods_ProcedureKitDemoTests.framework in Frameworks */,
			);
			runOnlyForDeploymentPostprocessing = 0;
		};
/* End PBXFrameworksBuildPhase section */

/* Begin PBXGroup section */
		31B68B021DCE9C1200FE8B6A = {
			isa = PBXGroup;
			children = (
				31B68B0D1DCE9C1200FE8B6A /* ProcedureKitDemo */,
				31B68B221DCE9C1200FE8B6A /* ProcedureKitDemoTests */,
				31B68B0C1DCE9C1200FE8B6A /* Products */,
				3BB73B90987758DE972F4418 /* Pods */,
				3ED505C5861F3348C285BC15 /* Frameworks */,
			);
			sourceTree = "<group>";
		};
		31B68B0C1DCE9C1200FE8B6A /* Products */ = {
			isa = PBXGroup;
			children = (
				31B68B0B1DCE9C1200FE8B6A /* ProcedureKitDemo.app */,
				31B68B1F1DCE9C1200FE8B6A /* ProcedureKitDemoTests.xctest */,
			);
			name = Products;
			sourceTree = "<group>";
		};
		31B68B0D1DCE9C1200FE8B6A /* ProcedureKitDemo */ = {
			isa = PBXGroup;
			children = (
				31F7D08C1DCEA42300B94482 /* Procedures */,
				31F7D0891DCE9F4F00B94482 /* Supporting Files */,
				31B68B0E1DCE9C1200FE8B6A /* AppDelegate.swift */,
				31B68B101DCE9C1200FE8B6A /* ViewController.swift */,
			);
			path = ProcedureKitDemo;
			sourceTree = "<group>";
		};
		31B68B221DCE9C1200FE8B6A /* ProcedureKitDemoTests */ = {
			isa = PBXGroup;
			children = (
				31B68B231DCE9C1200FE8B6A /* ProcedureKitDemoTests.swift */,
				31B68B251DCE9C1200FE8B6A /* Info.plist */,
			);
			path = ProcedureKitDemoTests;
			sourceTree = "<group>";
		};
		31F7D0891DCE9F4F00B94482 /* Supporting Files */ = {
			isa = PBXGroup;
			children = (
				31F7D08A1DCE9F6300B94482 /* BigKitten.jpeg */,
				31B68B151DCE9C1200FE8B6A /* Assets.xcassets */,
				31B68B1A1DCE9C1200FE8B6A /* Info.plist */,
				31B68B171DCE9C1200FE8B6A /* LaunchScreen.storyboard */,
				31B68B121DCE9C1200FE8B6A /* Main.storyboard */,
			);
			name = "Supporting Files";
			sourceTree = "<group>";
		};
		31F7D08C1DCEA42300B94482 /* Procedures */ = {
			isa = PBXGroup;
			children = (
				31CB89031DCEC5A2008ED0FA /* KittenExistenceCondition.swift */,
				31F7D08D1DCEA45700B94482 /* KittenResizingProcedure.swift */,
			);
			path = Procedures;
			sourceTree = "<group>";
		};
		3BB73B90987758DE972F4418 /* Pods */ = {
			isa = PBXGroup;
			children = (
				9719277D059C4F9B1E9068BA /* Pods-ProcedureKitDemo.debug.xcconfig */,
				66DAA455BB68910B72EE5E3C /* Pods-ProcedureKitDemo.release.xcconfig */,
				08FEDB1FD90071BBF158049B /* Pods-ProcedureKitDemoTests.debug.xcconfig */,
				59DDDB86E36CF434CAEEA339 /* Pods-ProcedureKitDemoTests.release.xcconfig */,
			);
			name = Pods;
			sourceTree = "<group>";
		};
		3ED505C5861F3348C285BC15 /* Frameworks */ = {
			isa = PBXGroup;
			children = (
				531807FD300AB5C6A9189D46 /* Pods_ProcedureKitDemo.framework */,
				94ACD946A669A0260BD24B61 /* Pods_ProcedureKitDemoTests.framework */,
			);
			name = Frameworks;
			sourceTree = "<group>";
		};
/* End PBXGroup section */

/* Begin PBXNativeTarget section */
		31B68B0A1DCE9C1200FE8B6A /* ProcedureKitDemo */ = {
			isa = PBXNativeTarget;
			buildConfigurationList = 31B68B281DCE9C1200FE8B6A /* Build configuration list for PBXNativeTarget "ProcedureKitDemo" */;
			buildPhases = (
				D9531E4BF3CE155F44BE6396 /* [CP] Check Pods Manifest.lock */,
				31B68B071DCE9C1200FE8B6A /* Sources */,
				31B68B081DCE9C1200FE8B6A /* Frameworks */,
				31B68B091DCE9C1200FE8B6A /* Resources */,
				209204335AF14F856A141697 /* [CP] Embed Pods Frameworks */,
				87775B44A904A616A6E42CFF /* [CP] Copy Pods Resources */,
			);
			buildRules = (
			);
			dependencies = (
			);
			name = ProcedureKitDemo;
			productName = ProcedureKitDemo;
			productReference = 31B68B0B1DCE9C1200FE8B6A /* ProcedureKitDemo.app */;
			productType = "com.apple.product-type.application";
		};
		31B68B1E1DCE9C1200FE8B6A /* ProcedureKitDemoTests */ = {
			isa = PBXNativeTarget;
			buildConfigurationList = 31B68B2B1DCE9C1200FE8B6A /* Build configuration list for PBXNativeTarget "ProcedureKitDemoTests" */;
			buildPhases = (
				806474927F6E6C95B5887D92 /* [CP] Check Pods Manifest.lock */,
				31B68B1B1DCE9C1200FE8B6A /* Sources */,
				31B68B1C1DCE9C1200FE8B6A /* Frameworks */,
				31B68B1D1DCE9C1200FE8B6A /* Resources */,
				2411E8990F8AF9699B3BA0BD /* [CP] Embed Pods Frameworks */,
				EB9771BBEFB172008C3BAE8A /* [CP] Copy Pods Resources */,
			);
			buildRules = (
			);
			dependencies = (
				31B68B211DCE9C1200FE8B6A /* PBXTargetDependency */,
			);
			name = ProcedureKitDemoTests;
			productName = ProcedureKitDemoTests;
			productReference = 31B68B1F1DCE9C1200FE8B6A /* ProcedureKitDemoTests.xctest */;
			productType = "com.apple.product-type.bundle.unit-test";
		};
/* End PBXNativeTarget section */

/* Begin PBXProject section */
		31B68B031DCE9C1200FE8B6A /* Project object */ = {
			isa = PBXProject;
			attributes = {
				LastSwiftUpdateCheck = 0810;
				LastUpgradeCheck = 0810;
				ORGANIZATIONNAME = "Jon Shier";
				TargetAttributes = {
					31B68B0A1DCE9C1200FE8B6A = {
						CreatedOnToolsVersion = 8.1;
						DevelopmentTeam = 555RUP2XT7;
						ProvisioningStyle = Automatic;
					};
					31B68B1E1DCE9C1200FE8B6A = {
						CreatedOnToolsVersion = 8.1;
						DevelopmentTeam = 555RUP2XT7;
						ProvisioningStyle = Automatic;
						TestTargetID = 31B68B0A1DCE9C1200FE8B6A;
					};
				};
			};
			buildConfigurationList = 31B68B061DCE9C1200FE8B6A /* Build configuration list for PBXProject "ProcedureKitDemo" */;
			compatibilityVersion = "Xcode 3.2";
			developmentRegion = English;
			hasScannedForEncodings = 0;
			knownRegions = (
				en,
				Base,
			);
			mainGroup = 31B68B021DCE9C1200FE8B6A;
			productRefGroup = 31B68B0C1DCE9C1200FE8B6A /* Products */;
			projectDirPath = "";
			projectRoot = "";
			targets = (
				31B68B0A1DCE9C1200FE8B6A /* ProcedureKitDemo */,
				31B68B1E1DCE9C1200FE8B6A /* ProcedureKitDemoTests */,
			);
		};
/* End PBXProject section */

/* Begin PBXResourcesBuildPhase section */
		31B68B091DCE9C1200FE8B6A /* Resources */ = {
			isa = PBXResourcesBuildPhase;
			buildActionMask = 2147483647;
			files = (
				31F7D08B1DCE9F6300B94482 /* BigKitten.jpeg in Resources */,
				31B68B191DCE9C1200FE8B6A /* LaunchScreen.storyboard in Resources */,
				31B68B161DCE9C1200FE8B6A /* Assets.xcassets in Resources */,
				31B68B141DCE9C1200FE8B6A /* Main.storyboard in Resources */,
			);
			runOnlyForDeploymentPostprocessing = 0;
		};
		31B68B1D1DCE9C1200FE8B6A /* Resources */ = {
			isa = PBXResourcesBuildPhase;
			buildActionMask = 2147483647;
			files = (
			);
			runOnlyForDeploymentPostprocessing = 0;
		};
/* End PBXResourcesBuildPhase section */

/* Begin PBXShellScriptBuildPhase section */
		209204335AF14F856A141697 /* [CP] Embed Pods Frameworks */ = {
			isa = PBXShellScriptBuildPhase;
			buildActionMask = 2147483647;
			files = (
			);
			inputPaths = (
			);
			name = "[CP] Embed Pods Frameworks";
			outputPaths = (
			);
			runOnlyForDeploymentPostprocessing = 0;
			shellPath = /bin/sh;
			shellScript = "\"${SRCROOT}/Pods/Target Support Files/Pods-ProcedureKitDemo/Pods-ProcedureKitDemo-frameworks.sh\"\n";
			showEnvVarsInLog = 0;
		};
		2411E8990F8AF9699B3BA0BD /* [CP] Embed Pods Frameworks */ = {
			isa = PBXShellScriptBuildPhase;
			buildActionMask = 2147483647;
			files = (
			);
			inputPaths = (
			);
			name = "[CP] Embed Pods Frameworks";
			outputPaths = (
			);
			runOnlyForDeploymentPostprocessing = 0;
			shellPath = /bin/sh;
			shellScript = "\"${SRCROOT}/Pods/Target Support Files/Pods-ProcedureKitDemoTests/Pods-ProcedureKitDemoTests-frameworks.sh\"\n";
			showEnvVarsInLog = 0;
		};
		806474927F6E6C95B5887D92 /* [CP] Check Pods Manifest.lock */ = {
			isa = PBXShellScriptBuildPhase;
			buildActionMask = 2147483647;
			files = (
			);
			inputPaths = (
			);
			name = "[CP] Check Pods Manifest.lock";
			outputPaths = (
			);
			runOnlyForDeploymentPostprocessing = 0;
			shellPath = /bin/sh;
			shellScript = "diff \"${PODS_ROOT}/../Podfile.lock\" \"${PODS_ROOT}/Manifest.lock\" > /dev/null\nif [ $? != 0 ] ; then\n    # print error to STDERR\n    echo \"error: The sandbox is not in sync with the Podfile.lock. Run 'pod install' or update your CocoaPods installation.\" >&2\n    exit 1\nfi\n";
			showEnvVarsInLog = 0;
		};
		87775B44A904A616A6E42CFF /* [CP] Copy Pods Resources */ = {
			isa = PBXShellScriptBuildPhase;
			buildActionMask = 2147483647;
			files = (
			);
			inputPaths = (
			);
			name = "[CP] Copy Pods Resources";
			outputPaths = (
			);
			runOnlyForDeploymentPostprocessing = 0;
			shellPath = /bin/sh;
			shellScript = "\"${SRCROOT}/Pods/Target Support Files/Pods-ProcedureKitDemo/Pods-ProcedureKitDemo-resources.sh\"\n";
			showEnvVarsInLog = 0;
		};
		D9531E4BF3CE155F44BE6396 /* [CP] Check Pods Manifest.lock */ = {
			isa = PBXShellScriptBuildPhase;
			buildActionMask = 2147483647;
			files = (
			);
			inputPaths = (
			);
			name = "[CP] Check Pods Manifest.lock";
			outputPaths = (
			);
			runOnlyForDeploymentPostprocessing = 0;
			shellPath = /bin/sh;
			shellScript = "diff \"${PODS_ROOT}/../Podfile.lock\" \"${PODS_ROOT}/Manifest.lock\" > /dev/null\nif [ $? != 0 ] ; then\n    # print error to STDERR\n    echo \"error: The sandbox is not in sync with the Podfile.lock. Run 'pod install' or update your CocoaPods installation.\" >&2\n    exit 1\nfi\n";
			showEnvVarsInLog = 0;
		};
		EB9771BBEFB172008C3BAE8A /* [CP] Copy Pods Resources */ = {
			isa = PBXShellScriptBuildPhase;
			buildActionMask = 2147483647;
			files = (
			);
			inputPaths = (
			);
			name = "[CP] Copy Pods Resources";
			outputPaths = (
			);
			runOnlyForDeploymentPostprocessing = 0;
			shellPath = /bin/sh;
			shellScript = "\"${SRCROOT}/Pods/Target Support Files/Pods-ProcedureKitDemoTests/Pods-ProcedureKitDemoTests-resources.sh\"\n";
			showEnvVarsInLog = 0;
		};
/* End PBXShellScriptBuildPhase section */

/* Begin PBXSourcesBuildPhase section */
		31B68B071DCE9C1200FE8B6A /* Sources */ = {
			isa = PBXSourcesBuildPhase;
			buildActionMask = 2147483647;
			files = (
				31B68B111DCE9C1200FE8B6A /* ViewController.swift in Sources */,
				31F7D08E1DCEA45700B94482 /* KittenResizingProcedure.swift in Sources */,
				31B68B0F1DCE9C1200FE8B6A /* AppDelegate.swift in Sources */,
				31CB89041DCEC5A2008ED0FA /* KittenExistenceCondition.swift in Sources */,
			);
			runOnlyForDeploymentPostprocessing = 0;
		};
		31B68B1B1DCE9C1200FE8B6A /* Sources */ = {
			isa = PBXSourcesBuildPhase;
			buildActionMask = 2147483647;
			files = (
				31B68B241DCE9C1200FE8B6A /* ProcedureKitDemoTests.swift in Sources */,
			);
			runOnlyForDeploymentPostprocessing = 0;
		};
/* End PBXSourcesBuildPhase section */

/* Begin PBXTargetDependency section */
		31B68B211DCE9C1200FE8B6A /* PBXTargetDependency */ = {
			isa = PBXTargetDependency;
			target = 31B68B0A1DCE9C1200FE8B6A /* ProcedureKitDemo */;
			targetProxy = 31B68B201DCE9C1200FE8B6A /* PBXContainerItemProxy */;
		};
/* End PBXTargetDependency section */

/* Begin PBXVariantGroup section */
		31B68B121DCE9C1200FE8B6A /* Main.storyboard */ = {
			isa = PBXVariantGroup;
			children = (
				31B68B131DCE9C1200FE8B6A /* Base */,
			);
			name = Main.storyboard;
			sourceTree = "<group>";
		};
		31B68B171DCE9C1200FE8B6A /* LaunchScreen.storyboard */ = {
			isa = PBXVariantGroup;
			children = (
				31B68B181DCE9C1200FE8B6A /* Base */,
			);
			name = LaunchScreen.storyboard;
			sourceTree = "<group>";
		};
/* End PBXVariantGroup section */

/* Begin XCBuildConfiguration section */
		31B68B261DCE9C1200FE8B6A /* Debug */ = {
			isa = XCBuildConfiguration;
			buildSettings = {
				ALWAYS_SEARCH_USER_PATHS = NO;
				CLANG_ANALYZER_NONNULL = YES;
				CLANG_CXX_LANGUAGE_STANDARD = "gnu++0x";
				CLANG_CXX_LIBRARY = "libc++";
				CLANG_ENABLE_MODULES = YES;
				CLANG_ENABLE_OBJC_ARC = YES;
				CLANG_WARN_BOOL_CONVERSION = YES;
				CLANG_WARN_CONSTANT_CONVERSION = YES;
				CLANG_WARN_DIRECT_OBJC_ISA_USAGE = YES_ERROR;
				CLANG_WARN_DOCUMENTATION_COMMENTS = YES;
				CLANG_WARN_EMPTY_BODY = YES;
				CLANG_WARN_ENUM_CONVERSION = YES;
				CLANG_WARN_INFINITE_RECURSION = YES;
				CLANG_WARN_INT_CONVERSION = YES;
				CLANG_WARN_OBJC_ROOT_CLASS = YES_ERROR;
				CLANG_WARN_SUSPICIOUS_MOVES = YES;
				CLANG_WARN_UNREACHABLE_CODE = YES;
				CLANG_WARN__DUPLICATE_METHOD_MATCH = YES;
				"CODE_SIGN_IDENTITY[sdk=iphoneos*]" = "iPhone Developer";
				COPY_PHASE_STRIP = NO;
				DEBUG_INFORMATION_FORMAT = dwarf;
				ENABLE_STRICT_OBJC_MSGSEND = YES;
				ENABLE_TESTABILITY = YES;
				GCC_C_LANGUAGE_STANDARD = gnu99;
				GCC_DYNAMIC_NO_PIC = NO;
				GCC_NO_COMMON_BLOCKS = YES;
				GCC_OPTIMIZATION_LEVEL = 0;
				GCC_PREPROCESSOR_DEFINITIONS = (
					"DEBUG=1",
					"$(inherited)",
				);
				GCC_WARN_64_TO_32_BIT_CONVERSION = YES;
				GCC_WARN_ABOUT_RETURN_TYPE = YES_ERROR;
				GCC_WARN_UNDECLARED_SELECTOR = YES;
				GCC_WARN_UNINITIALIZED_AUTOS = YES_AGGRESSIVE;
				GCC_WARN_UNUSED_FUNCTION = YES;
				GCC_WARN_UNUSED_VARIABLE = YES;
				IPHONEOS_DEPLOYMENT_TARGET = 10.1;
				MTL_ENABLE_DEBUG_INFO = YES;
				ONLY_ACTIVE_ARCH = YES;
				SDKROOT = iphoneos;
				SWIFT_ACTIVE_COMPILATION_CONDITIONS = DEBUG;
				SWIFT_OPTIMIZATION_LEVEL = "-Onone";
				TARGETED_DEVICE_FAMILY = "1,2";
			};
			name = Debug;
		};
		31B68B271DCE9C1200FE8B6A /* Release */ = {
			isa = XCBuildConfiguration;
			buildSettings = {
				ALWAYS_SEARCH_USER_PATHS = NO;
				CLANG_ANALYZER_NONNULL = YES;
				CLANG_CXX_LANGUAGE_STANDARD = "gnu++0x";
				CLANG_CXX_LIBRARY = "libc++";
				CLANG_ENABLE_MODULES = YES;
				CLANG_ENABLE_OBJC_ARC = YES;
				CLANG_WARN_BOOL_CONVERSION = YES;
				CLANG_WARN_CONSTANT_CONVERSION = YES;
				CLANG_WARN_DIRECT_OBJC_ISA_USAGE = YES_ERROR;
				CLANG_WARN_DOCUMENTATION_COMMENTS = YES;
				CLANG_WARN_EMPTY_BODY = YES;
				CLANG_WARN_ENUM_CONVERSION = YES;
				CLANG_WARN_INFINITE_RECURSION = YES;
				CLANG_WARN_INT_CONVERSION = YES;
				CLANG_WARN_OBJC_ROOT_CLASS = YES_ERROR;
				CLANG_WARN_SUSPICIOUS_MOVES = YES;
				CLANG_WARN_UNREACHABLE_CODE = YES;
				CLANG_WARN__DUPLICATE_METHOD_MATCH = YES;
				"CODE_SIGN_IDENTITY[sdk=iphoneos*]" = "iPhone Developer";
				COPY_PHASE_STRIP = NO;
				DEBUG_INFORMATION_FORMAT = "dwarf-with-dsym";
				ENABLE_NS_ASSERTIONS = NO;
				ENABLE_STRICT_OBJC_MSGSEND = YES;
				GCC_C_LANGUAGE_STANDARD = gnu99;
				GCC_NO_COMMON_BLOCKS = YES;
				GCC_WARN_64_TO_32_BIT_CONVERSION = YES;
				GCC_WARN_ABOUT_RETURN_TYPE = YES_ERROR;
				GCC_WARN_UNDECLARED_SELECTOR = YES;
				GCC_WARN_UNINITIALIZED_AUTOS = YES_AGGRESSIVE;
				GCC_WARN_UNUSED_FUNCTION = YES;
				GCC_WARN_UNUSED_VARIABLE = YES;
				IPHONEOS_DEPLOYMENT_TARGET = 10.1;
				MTL_ENABLE_DEBUG_INFO = NO;
				SDKROOT = iphoneos;
				SWIFT_OPTIMIZATION_LEVEL = "-Owholemodule";
				TARGETED_DEVICE_FAMILY = "1,2";
				VALIDATE_PRODUCT = YES;
			};
			name = Release;
		};
		31B68B291DCE9C1200FE8B6A /* Debug */ = {
			isa = XCBuildConfiguration;
			baseConfigurationReference = 9719277D059C4F9B1E9068BA /* Pods-ProcedureKitDemo.debug.xcconfig */;
			buildSettings = {
				ASSETCATALOG_COMPILER_APPICON_NAME = AppIcon;
				DEVELOPMENT_TEAM = 555RUP2XT7;
				INFOPLIST_FILE = ProcedureKitDemo/Info.plist;
				LD_RUNPATH_SEARCH_PATHS = "$(inherited) @executable_path/Frameworks";
				PRODUCT_BUNDLE_IDENTIFIER = com.jonshier.ProcedureKitDemo;
				PRODUCT_NAME = "$(TARGET_NAME)";
				SWIFT_VERSION = 3.0;
			};
			name = Debug;
		};
		31B68B2A1DCE9C1200FE8B6A /* Release */ = {
			isa = XCBuildConfiguration;
			baseConfigurationReference = 66DAA455BB68910B72EE5E3C /* Pods-ProcedureKitDemo.release.xcconfig */;
			buildSettings = {
				ASSETCATALOG_COMPILER_APPICON_NAME = AppIcon;
				DEVELOPMENT_TEAM = 555RUP2XT7;
				INFOPLIST_FILE = ProcedureKitDemo/Info.plist;
				LD_RUNPATH_SEARCH_PATHS = "$(inherited) @executable_path/Frameworks";
				PRODUCT_BUNDLE_IDENTIFIER = com.jonshier.ProcedureKitDemo;
				PRODUCT_NAME = "$(TARGET_NAME)";
				SWIFT_VERSION = 3.0;
			};
			name = Release;
		};
		31B68B2C1DCE9C1200FE8B6A /* Debug */ = {
			isa = XCBuildConfiguration;
			baseConfigurationReference = 08FEDB1FD90071BBF158049B /* Pods-ProcedureKitDemoTests.debug.xcconfig */;
			buildSettings = {
				ALWAYS_EMBED_SWIFT_STANDARD_LIBRARIES = YES;
				BUNDLE_LOADER = "$(TEST_HOST)";
				DEVELOPMENT_TEAM = 555RUP2XT7;
				INFOPLIST_FILE = ProcedureKitDemoTests/Info.plist;
				LD_RUNPATH_SEARCH_PATHS = "$(inherited) @executable_path/Frameworks @loader_path/Frameworks";
				PRODUCT_BUNDLE_IDENTIFIER = com.jonshier.ProcedureKitDemoTests;
				PRODUCT_NAME = "$(TARGET_NAME)";
				SWIFT_VERSION = 3.0;
				TEST_HOST = "$(BUILT_PRODUCTS_DIR)/ProcedureKitDemo.app/ProcedureKitDemo";
			};
			name = Debug;
		};
		31B68B2D1DCE9C1200FE8B6A /* Release */ = {
			isa = XCBuildConfiguration;
			baseConfigurationReference = 59DDDB86E36CF434CAEEA339 /* Pods-ProcedureKitDemoTests.release.xcconfig */;
			buildSettings = {
				ALWAYS_EMBED_SWIFT_STANDARD_LIBRARIES = YES;
				BUNDLE_LOADER = "$(TEST_HOST)";
				DEVELOPMENT_TEAM = 555RUP2XT7;
				INFOPLIST_FILE = ProcedureKitDemoTests/Info.plist;
				LD_RUNPATH_SEARCH_PATHS = "$(inherited) @executable_path/Frameworks @loader_path/Frameworks";
				PRODUCT_BUNDLE_IDENTIFIER = com.jonshier.ProcedureKitDemoTests;
				PRODUCT_NAME = "$(TARGET_NAME)";
				SWIFT_VERSION = 3.0;
				TEST_HOST = "$(BUILT_PRODUCTS_DIR)/ProcedureKitDemo.app/ProcedureKitDemo";
			};
			name = Release;
		};
/* End XCBuildConfiguration section */

/* Begin XCConfigurationList section */
		31B68B061DCE9C1200FE8B6A /* Build configuration list for PBXProject "ProcedureKitDemo" */ = {
			isa = XCConfigurationList;
			buildConfigurations = (
				31B68B261DCE9C1200FE8B6A /* Debug */,
				31B68B271DCE9C1200FE8B6A /* Release */,
			);
			defaultConfigurationIsVisible = 0;
			defaultConfigurationName = Release;
		};
		31B68B281DCE9C1200FE8B6A /* Build configuration list for PBXNativeTarget "ProcedureKitDemo" */ = {
			isa = XCConfigurationList;
			buildConfigurations = (
				31B68B291DCE9C1200FE8B6A /* Debug */,
				31B68B2A1DCE9C1200FE8B6A /* Release */,
			);
			defaultConfigurationIsVisible = 0;
			defaultConfigurationName = Release;
		};
		31B68B2B1DCE9C1200FE8B6A /* Build configuration list for PBXNativeTarget "ProcedureKitDemoTests" */ = {
			isa = XCConfigurationList;
			buildConfigurations = (
				31B68B2C1DCE9C1200FE8B6A /* Debug */,
				31B68B2D1DCE9C1200FE8B6A /* Release */,
			);
			defaultConfigurationIsVisible = 0;
			defaultConfigurationName = Release;
		};
/* End XCConfigurationList section */
	};
	rootObject = 31B68B031DCE9C1200FE8B6A /* Project object */;
}
